
Microsoft Visual Studio Solution File, Format Version 12.00
# Visual Studio Version 17
VisualStudioVersion = 17.3.32929.385
MinimumVisualStudioVersion = 10.0.40219.1
Project("{FAE04EC0-301F-11D3-BF4B-00C04F79EFBC}") = "HerkesUyurkenKodlama", "HerkesUyurkenKodlama\HerkesUyurkenKodlama.csproj", "{6184BC55-3E9F-43BC-81E3-2CCE6405369F}"
EndProject
Global
	GlobalSection(SolutionConfigurationPlatforms) = preSolution
		Debug|Any CPU = Debug|Any CPU
		Release|Any CPU = Release|Any CPU
	EndGlobalSection
	GlobalSection(ProjectConfigurationPlatforms) = postSolution
		{6184BC55-3E9F-43BC-81E3-2CCE6405369F}.Debug|Any CPU.ActiveCfg = Debug|Any CPU
		{6184BC55-3E9F-43BC-81E3-2CCE6405369F}.Debug|Any CPU.Build.0 = Debug|Any CPU
		{6184BC55-3E9F-43BC-81E3-2CCE6405369F}.Release|Any CPU.ActiveCfg = Release|Any CPU
		{6184BC55-3E9F-43BC-81E3-2CCE6405369F}.Release|Any CPU.Build.0 = Release|Any CPU
	EndGlobalSection
	GlobalSection(SolutionProperties) = preSolution
		HideSolutionNode = FALSE
	EndGlobalSection
	GlobalSection(ExtensibilityGlobals) = postSolution
		SolutionGuid = {D86B0DFB-A3D7-4E1C-AC28-488D62E5EA82}
	EndGlobalSection
EndGlobal
